
Microsoft Visual Studio Solution File, Format Version 12.00
# Visual Studio Version 17
VisualStudioVersion = 17.4.33213.308
MinimumVisualStudioVersion = 10.0.40219.1
Project("{9A19103F-16F7-4668-BE54-9A1E7A4F7556}") = "Numerot", "Numerot\Numerot.csproj", "{629C0C29-A894-4BBD-8D3C-0BB679CC02F4}"
EndProject
Project("{9A19103F-16F7-4668-BE54-9A1E7A4F7556}") = "Harjoitukset2", "Harjoitukset2\Harjoitukset2.csproj", "{9B79B4BC-277C-4015-AC31-FB7B0BF8A1FC}"
EndProject
Project("{9A19103F-16F7-4668-BE54-9A1E7A4F7556}") = "Harjoitukset3", "Harjoitukset3\Harjoitukset3.csproj", "{8C1B09BB-5F0C-4A0B-B27F-8ED7B770A9AB}"
EndProject
Project("{9A19103F-16F7-4668-BE54-9A1E7A4F7556}") = "LumoTehtavat", "LumoTehtavat\LumoTehtavat.csproj", "{7EE57BCF-2EC3-4A13-8BAC-F57CF9878464}"
EndProject
Project("{9A19103F-16F7-4668-BE54-9A1E7A4F7556}") = "Mastermind", "Mastermind\Mastermind.csproj", "{2264B0BE-99A3-4EAE-944B-08DE9CAC6DE5}"
EndProject
Project("{9A19103F-16F7-4668-BE54-9A1E7A4F7556}") = "Hirsipuu", "Hirsipuu\Hirsipuu.csproj", "{F4C83EC2-9A7B-49F0-9A65-E8D0CBC4A500}"
EndProject
Project("{9A19103F-16F7-4668-BE54-9A1E7A4F7556}") = "First GUI App", "First GUI App\First GUI App.csproj", "{BC4A47D5-02D0-447C-BADA-BADD2C08A705}"
EndProject
Project("{FAE04EC0-301F-11D3-BF4B-00C04F79EFBC}") = "SecondProject", "SecondProject\SecondProject.csproj", "{DAEAA732-C56A-4391-8590-1DB7B63ABC26}"
EndProject
Project("{9A19103F-16F7-4668-BE54-9A1E7A4F7556}") = "KolmasTehtava", "KolmasTehtava\KolmasTehtava.csproj", "{05E810FA-A4D3-42EB-9003-12BD11EB61C2}"
EndProject
Project("{9A19103F-16F7-4668-BE54-9A1E7A4F7556}") = "Ikälaskuri", "Ikälaskuri\Ikälaskuri.csproj", "{24479C98-C5EB-464D-AEA3-51B0293F701A}"
EndProject
Project("{9A19103F-16F7-4668-BE54-9A1E7A4F7556}") = "LukujenJarjestys", "LukujenJarjestys\LukujenJarjestys.csproj", "{992E5464-F72C-4816-99D9-B04351FD648F}"
EndProject
Project("{9A19103F-16F7-4668-BE54-9A1E7A4F7556}") = "SalasananTarkistus", "SalasananTarkistus\SalasananTarkistus.csproj", "{B37D82EC-7884-4EC7-9CE3-92BB19FA0380}"
EndProject
Project("{9A19103F-16F7-4668-BE54-9A1E7A4F7556}") = "Autokululaskuri", "Autokululaskuri\Autokululaskuri.csproj", "{717FEAD4-EEB1-4C92-9E50-84130862F1B5}"
EndProject
Project("{9A19103F-16F7-4668-BE54-9A1E7A4F7556}") = "RoomalaisetNumerot", "RoomalaisetNumerot\RoomalaisetNumerot.csproj", "{59213276-ADF9-45AA-8F6F-DE65160A1919}"
EndProject
Project("{9A19103F-16F7-4668-BE54-9A1E7A4F7556}") = "CelsiusFahrenheit", "CelsiusFahrenheit\CelsiusFahrenheit.csproj", "{E4511715-6F7A-418D-9A71-DDC271E4D096}"
EndProject
Project("{9A19103F-16F7-4668-BE54-9A1E7A4F7556}") = "BMILaskuri", "BMILaskuri\BMILaskuri.csproj", "{79CAAA4E-3A42-4DFF-9C27-FF61E553ADAA}"
EndProject
Project("{9A19103F-16F7-4668-BE54-9A1E7A4F7556}") = "Nopaanheitto", "Nopaanheitto\Nopaanheitto.csproj", "{95D1FB81-98ED-44EC-83AC-35F0012DB163}"
EndProject
Project("{9A19103F-16F7-4668-BE54-9A1E7A4F7556}") = "Kysymykset", "Kysymykset\Kysymykset.csproj", "{DA2CAA87-D818-4A8E-BAB7-6CAECE588BAD}"
EndProject
Project("{9A19103F-16F7-4668-BE54-9A1E7A4F7556}") = "Tietovisa", "Tietovisa\Tietovisa.csproj", "{5E07BA67-B19C-4C4B-872B-64F629A6979B}"
EndProject
Project("{9A19103F-16F7-4668-BE54-9A1E7A4F7556}") = "Nimilista2", "Nimilista2\Nimilista2.csproj", "{18AEF5F9-80AA-4C34-90BD-5AC35E010FE1}"
EndProject
Project("{9A19103F-16F7-4668-BE54-9A1E7A4F7556}") = "Paivakirja", "Paivakirja\Paivakirja.csproj", "{B39BDEAA-EBAA-44C4-BA2B-3BF7BC9ADF66}"
EndProject
Project("{FAE04EC0-301F-11D3-BF4B-00C04F79EFBC}") = "Sekuntikello", "Ajastin\Sekuntikello.csproj", "{AF99F809-BADF-4F12-BA9B-6B560AA6EEFD}"
EndProject
Project("{9A19103F-16F7-4668-BE54-9A1E7A4F7556}") = "Ajastin", "Ajastin\Ajastin.csproj", "{CC1BF299-4F41-4D76-9103-E851952486A3}"
EndProject
Project("{9A19103F-16F7-4668-BE54-9A1E7A4F7556}") = "Muistio", "Muistio\Muistio.csproj", "{F0E4147A-EB08-424D-A158-9BB1F2520C58}"
EndProject
Project("{9A19103F-16F7-4668-BE54-9A1E7A4F7556}") = "Kahvio", "Kahvio\Kahvio.csproj", "{3041DCF6-80BF-4F01-B94C-D956665DE710}"
EndProject
Project("{FAE04EC0-301F-11D3-BF4B-00C04F79EFBC}") = "Opiskelijahallinta", "WinFormsApp1\Opiskelijahallinta.csproj", "{67A405D3-5CD6-4750-B3F8-C9F180EC22DE}"
EndProject
Global
	GlobalSection(SolutionConfigurationPlatforms) = preSolution
		Debug|Any CPU = Debug|Any CPU
		Release|Any CPU = Release|Any CPU
	EndGlobalSection
	GlobalSection(ProjectConfigurationPlatforms) = postSolution
		{629C0C29-A894-4BBD-8D3C-0BB679CC02F4}.Debug|Any CPU.ActiveCfg = Debug|Any CPU
		{629C0C29-A894-4BBD-8D3C-0BB679CC02F4}.Debug|Any CPU.Build.0 = Debug|Any CPU
		{629C0C29-A894-4BBD-8D3C-0BB679CC02F4}.Release|Any CPU.ActiveCfg = Release|Any CPU
		{629C0C29-A894-4BBD-8D3C-0BB679CC02F4}.Release|Any CPU.Build.0 = Release|Any CPU
		{9B79B4BC-277C-4015-AC31-FB7B0BF8A1FC}.Debug|Any CPU.ActiveCfg = Debug|Any CPU
		{9B79B4BC-277C-4015-AC31-FB7B0BF8A1FC}.Debug|Any CPU.Build.0 = Debug|Any CPU
		{9B79B4BC-277C-4015-AC31-FB7B0BF8A1FC}.Release|Any CPU.ActiveCfg = Release|Any CPU
		{9B79B4BC-277C-4015-AC31-FB7B0BF8A1FC}.Release|Any CPU.Build.0 = Release|Any CPU
		{8C1B09BB-5F0C-4A0B-B27F-8ED7B770A9AB}.Debug|Any CPU.ActiveCfg = Debug|Any CPU
		{8C1B09BB-5F0C-4A0B-B27F-8ED7B770A9AB}.Debug|Any CPU.Build.0 = Debug|Any CPU
		{8C1B09BB-5F0C-4A0B-B27F-8ED7B770A9AB}.Release|Any CPU.ActiveCfg = Release|Any CPU
		{8C1B09BB-5F0C-4A0B-B27F-8ED7B770A9AB}.Release|Any CPU.Build.0 = Release|Any CPU
		{7EE57BCF-2EC3-4A13-8BAC-F57CF9878464}.Debug|Any CPU.ActiveCfg = Debug|Any CPU
		{7EE57BCF-2EC3-4A13-8BAC-F57CF9878464}.Debug|Any CPU.Build.0 = Debug|Any CPU
		{7EE57BCF-2EC3-4A13-8BAC-F57CF9878464}.Release|Any CPU.ActiveCfg = Release|Any CPU
		{7EE57BCF-2EC3-4A13-8BAC-F57CF9878464}.Release|Any CPU.Build.0 = Release|Any CPU
		{2264B0BE-99A3-4EAE-944B-08DE9CAC6DE5}.Debug|Any CPU.ActiveCfg = Debug|Any CPU
		{2264B0BE-99A3-4EAE-944B-08DE9CAC6DE5}.Debug|Any CPU.Build.0 = Debug|Any CPU
		{2264B0BE-99A3-4EAE-944B-08DE9CAC6DE5}.Release|Any CPU.ActiveCfg = Release|Any CPU
		{2264B0BE-99A3-4EAE-944B-08DE9CAC6DE5}.Release|Any CPU.Build.0 = Release|Any CPU
		{F4C83EC2-9A7B-49F0-9A65-E8D0CBC4A500}.Debug|Any CPU.ActiveCfg = Debug|Any CPU
		{F4C83EC2-9A7B-49F0-9A65-E8D0CBC4A500}.Debug|Any CPU.Build.0 = Debug|Any CPU
		{F4C83EC2-9A7B-49F0-9A65-E8D0CBC4A500}.Release|Any CPU.ActiveCfg = Release|Any CPU
		{F4C83EC2-9A7B-49F0-9A65-E8D0CBC4A500}.Release|Any CPU.Build.0 = Release|Any CPU
		{BC4A47D5-02D0-447C-BADA-BADD2C08A705}.Debug|Any CPU.ActiveCfg = Debug|Any CPU
		{BC4A47D5-02D0-447C-BADA-BADD2C08A705}.Debug|Any CPU.Build.0 = Debug|Any CPU
		{BC4A47D5-02D0-447C-BADA-BADD2C08A705}.Release|Any CPU.ActiveCfg = Release|Any CPU
		{BC4A47D5-02D0-447C-BADA-BADD2C08A705}.Release|Any CPU.Build.0 = Release|Any CPU
		{DAEAA732-C56A-4391-8590-1DB7B63ABC26}.Debug|Any CPU.ActiveCfg = Debug|Any CPU
		{DAEAA732-C56A-4391-8590-1DB7B63ABC26}.Debug|Any CPU.Build.0 = Debug|Any CPU
		{DAEAA732-C56A-4391-8590-1DB7B63ABC26}.Release|Any CPU.ActiveCfg = Release|Any CPU
		{DAEAA732-C56A-4391-8590-1DB7B63ABC26}.Release|Any CPU.Build.0 = Release|Any CPU
		{05E810FA-A4D3-42EB-9003-12BD11EB61C2}.Debug|Any CPU.ActiveCfg = Debug|Any CPU
		{05E810FA-A4D3-42EB-9003-12BD11EB61C2}.Debug|Any CPU.Build.0 = Debug|Any CPU
		{05E810FA-A4D3-42EB-9003-12BD11EB61C2}.Release|Any CPU.ActiveCfg = Release|Any CPU
		{05E810FA-A4D3-42EB-9003-12BD11EB61C2}.Release|Any CPU.Build.0 = Release|Any CPU
		{24479C98-C5EB-464D-AEA3-51B0293F701A}.Debug|Any CPU.ActiveCfg = Debug|Any CPU
		{24479C98-C5EB-464D-AEA3-51B0293F701A}.Debug|Any CPU.Build.0 = Debug|Any CPU
		{24479C98-C5EB-464D-AEA3-51B0293F701A}.Release|Any CPU.ActiveCfg = Release|Any CPU
		{24479C98-C5EB-464D-AEA3-51B0293F701A}.Release|Any CPU.Build.0 = Release|Any CPU
		{992E5464-F72C-4816-99D9-B04351FD648F}.Debug|Any CPU.ActiveCfg = Debug|Any CPU
		{992E5464-F72C-4816-99D9-B04351FD648F}.Debug|Any CPU.Build.0 = Debug|Any CPU
		{992E5464-F72C-4816-99D9-B04351FD648F}.Release|Any CPU.ActiveCfg = Release|Any CPU
		{992E5464-F72C-4816-99D9-B04351FD648F}.Release|Any CPU.Build.0 = Release|Any CPU
		{B37D82EC-7884-4EC7-9CE3-92BB19FA0380}.Debug|Any CPU.ActiveCfg = Debug|Any CPU
		{B37D82EC-7884-4EC7-9CE3-92BB19FA0380}.Debug|Any CPU.Build.0 = Debug|Any CPU
		{B37D82EC-7884-4EC7-9CE3-92BB19FA0380}.Release|Any CPU.ActiveCfg = Release|Any CPU
		{B37D82EC-7884-4EC7-9CE3-92BB19FA0380}.Release|Any CPU.Build.0 = Release|Any CPU
		{717FEAD4-EEB1-4C92-9E50-84130862F1B5}.Debug|Any CPU.ActiveCfg = Debug|Any CPU
		{717FEAD4-EEB1-4C92-9E50-84130862F1B5}.Debug|Any CPU.Build.0 = Debug|Any CPU
		{717FEAD4-EEB1-4C92-9E50-84130862F1B5}.Release|Any CPU.ActiveCfg = Release|Any CPU
		{717FEAD4-EEB1-4C92-9E50-84130862F1B5}.Release|Any CPU.Build.0 = Release|Any CPU
		{59213276-ADF9-45AA-8F6F-DE65160A1919}.Debug|Any CPU.ActiveCfg = Debug|Any CPU
		{59213276-ADF9-45AA-8F6F-DE65160A1919}.Debug|Any CPU.Build.0 = Debug|Any CPU
		{59213276-ADF9-45AA-8F6F-DE65160A1919}.Release|Any CPU.ActiveCfg = Release|Any CPU
		{59213276-ADF9-45AA-8F6F-DE65160A1919}.Release|Any CPU.Build.0 = Release|Any CPU
		{E4511715-6F7A-418D-9A71-DDC271E4D096}.Debug|Any CPU.ActiveCfg = Debug|Any CPU
		{E4511715-6F7A-418D-9A71-DDC271E4D096}.Debug|Any CPU.Build.0 = Debug|Any CPU
		{E4511715-6F7A-418D-9A71-DDC271E4D096}.Release|Any CPU.ActiveCfg = Release|Any CPU
		{E4511715-6F7A-418D-9A71-DDC271E4D096}.Release|Any CPU.Build.0 = Release|Any CPU
		{79CAAA4E-3A42-4DFF-9C27-FF61E553ADAA}.Debug|Any CPU.ActiveCfg = Debug|Any CPU
		{79CAAA4E-3A42-4DFF-9C27-FF61E553ADAA}.Debug|Any CPU.Build.0 = Debug|Any CPU
		{79CAAA4E-3A42-4DFF-9C27-FF61E553ADAA}.Release|Any CPU.ActiveCfg = Release|Any CPU
		{79CAAA4E-3A42-4DFF-9C27-FF61E553ADAA}.Release|Any CPU.Build.0 = Release|Any CPU
		{95D1FB81-98ED-44EC-83AC-35F0012DB163}.Debug|Any CPU.ActiveCfg = Debug|Any CPU
		{95D1FB81-98ED-44EC-83AC-35F0012DB163}.Debug|Any CPU.Build.0 = Debug|Any CPU
		{95D1FB81-98ED-44EC-83AC-35F0012DB163}.Release|Any CPU.ActiveCfg = Release|Any CPU
		{95D1FB81-98ED-44EC-83AC-35F0012DB163}.Release|Any CPU.Build.0 = Release|Any CPU
		{DA2CAA87-D818-4A8E-BAB7-6CAECE588BAD}.Debug|Any CPU.ActiveCfg = Debug|Any CPU
		{DA2CAA87-D818-4A8E-BAB7-6CAECE588BAD}.Debug|Any CPU.Build.0 = Debug|Any CPU
		{DA2CAA87-D818-4A8E-BAB7-6CAECE588BAD}.Release|Any CPU.ActiveCfg = Release|Any CPU
		{DA2CAA87-D818-4A8E-BAB7-6CAECE588BAD}.Release|Any CPU.Build.0 = Release|Any CPU
		{5E07BA67-B19C-4C4B-872B-64F629A6979B}.Debug|Any CPU.ActiveCfg = Debug|Any CPU
		{5E07BA67-B19C-4C4B-872B-64F629A6979B}.Debug|Any CPU.Build.0 = Debug|Any CPU
		{5E07BA67-B19C-4C4B-872B-64F629A6979B}.Release|Any CPU.ActiveCfg = Release|Any CPU
		{5E07BA67-B19C-4C4B-872B-64F629A6979B}.Release|Any CPU.Build.0 = Release|Any CPU
		{18AEF5F9-80AA-4C34-90BD-5AC35E010FE1}.Debug|Any CPU.ActiveCfg = Debug|Any CPU
		{18AEF5F9-80AA-4C34-90BD-5AC35E010FE1}.Debug|Any CPU.Build.0 = Debug|Any CPU
		{18AEF5F9-80AA-4C34-90BD-5AC35E010FE1}.Release|Any CPU.ActiveCfg = Release|Any CPU
		{18AEF5F9-80AA-4C34-90BD-5AC35E010FE1}.Release|Any CPU.Build.0 = Release|Any CPU
		{B39BDEAA-EBAA-44C4-BA2B-3BF7BC9ADF66}.Debug|Any CPU.ActiveCfg = Debug|Any CPU
		{B39BDEAA-EBAA-44C4-BA2B-3BF7BC9ADF66}.Debug|Any CPU.Build.0 = Debug|Any CPU
		{B39BDEAA-EBAA-44C4-BA2B-3BF7BC9ADF66}.Release|Any CPU.ActiveCfg = Release|Any CPU
		{B39BDEAA-EBAA-44C4-BA2B-3BF7BC9ADF66}.Release|Any CPU.Build.0 = Release|Any CPU
		{AF99F809-BADF-4F12-BA9B-6B560AA6EEFD}.Debug|Any CPU.ActiveCfg = Debug|Any CPU
		{AF99F809-BADF-4F12-BA9B-6B560AA6EEFD}.Debug|Any CPU.Build.0 = Debug|Any CPU
		{AF99F809-BADF-4F12-BA9B-6B560AA6EEFD}.Release|Any CPU.ActiveCfg = Release|Any CPU
		{AF99F809-BADF-4F12-BA9B-6B560AA6EEFD}.Release|Any CPU.Build.0 = Release|Any CPU
		{CC1BF299-4F41-4D76-9103-E851952486A3}.Debug|Any CPU.ActiveCfg = Debug|Any CPU
		{CC1BF299-4F41-4D76-9103-E851952486A3}.Debug|Any CPU.Build.0 = Debug|Any CPU
		{CC1BF299-4F41-4D76-9103-E851952486A3}.Release|Any CPU.ActiveCfg = Release|Any CPU
		{CC1BF299-4F41-4D76-9103-E851952486A3}.Release|Any CPU.Build.0 = Release|Any CPU
		{F0E4147A-EB08-424D-A158-9BB1F2520C58}.Debug|Any CPU.ActiveCfg = Debug|Any CPU
		{F0E4147A-EB08-424D-A158-9BB1F2520C58}.Debug|Any CPU.Build.0 = Debug|Any CPU
		{F0E4147A-EB08-424D-A158-9BB1F2520C58}.Release|Any CPU.ActiveCfg = Release|Any CPU
		{F0E4147A-EB08-424D-A158-9BB1F2520C58}.Release|Any CPU.Build.0 = Release|Any CPU
		{3041DCF6-80BF-4F01-B94C-D956665DE710}.Debug|Any CPU.ActiveCfg = Debug|Any CPU
		{3041DCF6-80BF-4F01-B94C-D956665DE710}.Debug|Any CPU.Build.0 = Debug|Any CPU
		{3041DCF6-80BF-4F01-B94C-D956665DE710}.Release|Any CPU.ActiveCfg = Release|Any CPU
		{3041DCF6-80BF-4F01-B94C-D956665DE710}.Release|Any CPU.Build.0 = Release|Any CPU
		{67A405D3-5CD6-4750-B3F8-C9F180EC22DE}.Debug|Any CPU.ActiveCfg = Debug|Any CPU
		{67A405D3-5CD6-4750-B3F8-C9F180EC22DE}.Debug|Any CPU.Build.0 = Debug|Any CPU
		{67A405D3-5CD6-4750-B3F8-C9F180EC22DE}.Release|Any CPU.ActiveCfg = Release|Any CPU
		{67A405D3-5CD6-4750-B3F8-C9F180EC22DE}.Release|Any CPU.Build.0 = Release|Any CPU
	EndGlobalSection
	GlobalSection(SolutionProperties) = preSolution
		HideSolutionNode = FALSE
	EndGlobalSection
	GlobalSection(ExtensibilityGlobals) = postSolution
		SolutionGuid = {06AE027B-F5E9-4CE4-82A7-621B31CA72FF}
	EndGlobalSection
EndGlobal
